<?xml version="1.0" encoding="utf-8"?>
<Project ToolsVersion="4.0" xmlns="http://schemas.microsoft.com/developer/msbuild/2003">
  <ItemGroup>
    <Filter Include="Editor">
      <UniqueIdentifier>{8C1A20B0-78BC-4A86-6177-5EDA4DB8D1D6}</UniqueIdentifier>
    </Filter>
    <Filter Include="Editor\D3D12">
      <UniqueIdentifier>{79EAB23D-654D-42E2-0ED3-7A98FA140E65}</UniqueIdentifier>
    </Filter>
    <Filter Include="Editor\Panel">
      <UniqueIdentifier>{8B03A63E-7766-35E3-20EC-6D990C2E0166}</UniqueIdentifier>
    </Filter>
    <Filter Include="Runtime">
      <UniqueIdentifier>{4995DAC4-B574-5960-BE8C-E4362AEBBFC1}</UniqueIdentifier>
    </Filter>
    <Filter Include="Runtime\Core">
      <UniqueIdentifier>{416F811B-2DD2-10C0-D657-4976C299DC42}</UniqueIdentifier>
    </Filter>
    <Filter Include="Runtime\Core\Allocator">
      <UniqueIdentifier>{D13FE6C0-BD39-0F13-A6A6-A523923F757F}</UniqueIdentifier>
    </Filter>
    <Filter Include="Runtime\Core\Concurrency">
      <UniqueIdentifier>{1BC54711-07EA-9691-3035-7C211CB995AF}</UniqueIdentifier>
    </Filter>
    <Filter Include="Runtime\External">
      <UniqueIdentifier>{9BA97363-87A2-92B5-B0D4-773A9C2C72C1}</UniqueIdentifier>
    </Filter>
    <Filter Include="Runtime\External\Imgui">
      <UniqueIdentifier>{252F5A2E-1129-8380-FA95-1991E62EE9EC}</UniqueIdentifier>
    </Filter>
    <Filter Include="Runtime\External\stb_image">
      <UniqueIdentifier>{F557B7FE-E167-63CF-4A21-C8ED36505268}</UniqueIdentifier>
    </Filter>
    <Filter Include="Runtime\External\tinygltf">
      <UniqueIdentifier>{3B28B76D-A7EA-EAF7-F09A-79845C9CC3D5}</UniqueIdentifier>
    </Filter>
    <Filter Include="Runtime\GameObject">
      <UniqueIdentifier>{29D0A5D7-15B4-662D-7E14-61806A1751AF}</UniqueIdentifier>
    </Filter>
    <Filter Include="Runtime\Graphics">
      <UniqueIdentifier>{A95F8942-9558-A894-BE8A-8D19AAE287A0}</UniqueIdentifier>
    </Filter>
    <Filter Include="Runtime\Managers">
      <UniqueIdentifier>{4659B9CC-3252-D81E-5B84-BDA347DCB72A}</UniqueIdentifier>
    </Filter>
    <Filter Include="Runtime\Math">
      <UniqueIdentifier>{C2AF861B-AE12-16C0-5798-4E7643DAE142}</UniqueIdentifier>
    </Filter>
    <Filter Include="Runtime\Platforms">
      <UniqueIdentifier>{D04BBE2B-3C62-BCC1-85D9-47E3F12E8D49}</UniqueIdentifier>
    </Filter>
    <Filter Include="Runtime\Platforms\D3D12">
      <UniqueIdentifier>{BDFEE9CF-2936-3267-3240-968A9EF65860}</UniqueIdentifier>
    </Filter>
    <Filter Include="Runtime\Platforms\Windows">
      <UniqueIdentifier>{0AC602AA-7688-3634-BF38-C5C02B3A0F12}</UniqueIdentifier>
    </Filter>
    <Filter Include="Runtime\Renderer">
      <UniqueIdentifier>{0FDB209E-FBD3-3FF0-2406-2575105E1FFC}</UniqueIdentifier>
    </Filter>
    <Filter Include="Runtime\Renderer\RenderPath">
      <UniqueIdentifier>{EB7BA3DF-5789-D1C5-E06F-CDB04C7C9D7C}</UniqueIdentifier>
    </Filter>
    <Filter Include="Runtime\Renderer\RenderPipeLine">
      <UniqueIdentifier>{74EDF719-E0D0-065A-E9D3-34965536CDAA}</UniqueIdentifier>
    </Filter>
    <Filter Include="Runtime\Resources">
      <UniqueIdentifier>{F3A9E9FD-5FC0-E793-A837-73B5148DB81B}</UniqueIdentifier>
    </Filter>
    <Filter Include="Runtime\Scene">
      <UniqueIdentifier>{2615CA8C-92D5-45C3-5B10-8F40C78F8A9F}</UniqueIdentifier>
    </Filter>
    <Filter Include="Runtime\Scripts">
      <UniqueIdentifier>{80B58CE8-EC40-FAAC-F551-7DA1615C56AD}</UniqueIdentifier>
    </Filter>
    <Filter Include="Runtime\Serialization">
      <UniqueIdentifier>{96F917DA-0266-D3D4-CB59-6B323785F53C}</UniqueIdentifier>
    </Filter>
    <Filter Include="Runtime\Settings">
      <UniqueIdentifier>{894C8599-7545-A4EB-9E77-89708ACF83F7}</UniqueIdentifier>
    </Filter>
    <Filter Include="Runtime\Utils">
      <UniqueIdentifier>{69A9F78C-D569-73C3-9EA4-BC400A24B89F}</UniqueIdentifier>
    </Filter>
  </ItemGroup>
  <ItemGroup>
    <ClInclude Include="..\..\..\..\Editor\D3D12\D3D12EditorGUIManager.h">
      <Filter>Editor\D3D12</Filter>
    </ClInclude>
    <ClInclude Include="..\..\..\..\Editor\EditorGUIManager.h">
      <Filter>Editor</Filter>
    </ClInclude>
    <ClInclude Include="..\..\..\..\Editor\EditorSettings.h">
      <Filter>Editor</Filter>
    </ClInclude>
    <ClInclude Include="..\..\..\..\Editor\Panel\EditorConsolePanel.h">
      <Filter>Editor\Panel</Filter>
    </ClInclude>
    <ClInclude Include="..\..\..\..\Editor\Panel\EditorGameViewPanel.h">
      <Filter>Editor\Panel</Filter>
    </ClInclude>
    <ClInclude Include="..\..\..\..\Editor\Panel\EditorHierarchyPanel.h">
      <Filter>Editor\Panel</Filter>
    </ClInclude>
    <ClInclude Include="..\..\..\..\Editor\Panel\EditorInspectorPanel.h">
      <Filter>Editor\Panel</Filter>
    </ClInclude>
    <ClInclude Include="..\..\..\..\Editor\Panel\EditorMainBar.h">
      <Filter>Editor\Panel</Filter>
    </ClInclude>
    <ClInclude Include="..\..\..\..\Editor\Panel\EditorPanel.h">
      <Filter>Editor\Panel</Filter>
    </ClInclude>
    <ClInclude Include="..\..\..\..\Editor\Panel\EditorProjectPanel.h">
      <Filter>Editor\Panel</Filter>
    </ClInclude>
    <ClInclude Include="..\..\..\..\Runtime\Core\Allocator\LinearAllocator.h">
      <Filter>Runtime\Core\Allocator</Filter>
    </ClInclude>
    <ClInclude Include="..\..\..\..\Runtime\Core\Concurrency\CpuEvent.h">
      <Filter>Runtime\Core\Concurrency</Filter>
    </ClInclude>
    <ClInclude Include="..\..\..\..\Runtime\Core\Concurrency\JobSystem.h">
      <Filter>Runtime\Core\Concurrency</Filter>
    </ClInclude>
    <ClInclude Include="..\..\..\..\Runtime\Core\Game.h">
      <Filter>Runtime\Core</Filter>
    </ClInclude>
    <ClInclude Include="..\..\..\..\Runtime\Core\InstanceID.h">
      <Filter>Runtime\Core</Filter>
    </ClInclude>
    <ClInclude Include="..\..\..\..\Runtime\Core\Object.h">
      <Filter>Runtime\Core</Filter>
    </ClInclude>
    <ClInclude Include="..\..\..\..\Runtime\Core\Profiler.h">
      <Filter>Runtime\Core</Filter>
    </ClInclude>
    <ClInclude Include="..\..\..\..\Runtime\Core\PublicEnum.h">
      <Filter>Runtime\Core</Filter>
    </ClInclude>
    <ClInclude Include="..\..\..\..\Runtime\Core\PublicStruct.h">
      <Filter>Runtime\Core</Filter>
    </ClInclude>
    <ClInclude Include="..\..\..\..\Runtime\Core\ThreadSafeQueue.h">
      <Filter>Runtime\Core</Filter>
    </ClInclude>
    <ClInclude Include="..\..\..\..\Runtime\CoreAssert.h">
      <Filter>Runtime</Filter>
    </ClInclude>
    <ClInclude Include="..\..\..\..\Runtime\EngineCore.h">
      <Filter>Runtime</Filter>
    </ClInclude>
    <ClInclude Include="..\..\..\..\Runtime\External\Imgui\imconfig.h">
      <Filter>Runtime\External\Imgui</Filter>
    </ClInclude>
    <ClInclude Include="..\..\..\..\Runtime\External\Imgui\imgui.h">
      <Filter>Runtime\External\Imgui</Filter>
    </ClInclude>
    <ClInclude Include="..\..\..\..\Runtime\External\Imgui\imgui_impl_dx12.h">
      <Filter>Runtime\External\Imgui</Filter>
    </ClInclude>
    <ClInclude Include="..\..\..\..\Runtime\External\Imgui\imgui_impl_vulkan.h">
      <Filter>Runtime\External\Imgui</Filter>
    </ClInclude>
    <ClInclude Include="..\..\..\..\Runtime\External\Imgui\imgui_impl_win32.h">
      <Filter>Runtime\External\Imgui</Filter>
    </ClInclude>
    <ClInclude Include="..\..\..\..\Runtime\External\Imgui\imgui_internal.h">
      <Filter>Runtime\External\Imgui</Filter>
    </ClInclude>
    <ClInclude Include="..\..\..\..\Runtime\External\Imgui\imstb_rectpack.h">
      <Filter>Runtime\External\Imgui</Filter>
    </ClInclude>
    <ClInclude Include="..\..\..\..\Runtime\External\Imgui\imstb_textedit.h">
      <Filter>Runtime\External\Imgui</Filter>
    </ClInclude>
    <ClInclude Include="..\..\..\..\Runtime\External\Imgui\imstb_truetype.h">
      <Filter>Runtime\External\Imgui</Filter>
    </ClInclude>
    <ClInclude Include="..\..\..\..\Runtime\External\stb_image\stb_image.h">
      <Filter>Runtime\External\stb_image</Filter>
    </ClInclude>
    <ClInclude Include="..\..\..\..\Runtime\External\stb_image\stb_image_write.h">
      <Filter>Runtime\External\stb_image</Filter>
    </ClInclude>
    <ClInclude Include="..\..\..\..\Runtime\External\tinygltf\tiny_gltf.h">
      <Filter>Runtime\External\tinygltf</Filter>
    </ClInclude>
    <ClInclude Include="..\..\..\..\Runtime\GameObject\Camera.h">
      <Filter>Runtime\GameObject</Filter>
    </ClInclude>
    <ClInclude Include="..\..\..\..\Runtime\GameObject\Component.h">
      <Filter>Runtime\GameObject</Filter>
    </ClInclude>
    <ClInclude Include="..\..\..\..\Runtime\GameObject\ComponentType.h">
      <Filter>Runtime\GameObject</Filter>
    </ClInclude>
    <ClInclude Include="..\..\..\..\Runtime\GameObject\GameObject.h">
      <Filter>Runtime\GameObject</Filter>
    </ClInclude>
    <ClInclude Include="..\..\..\..\Runtime\GameObject\MeshFilter.h">
      <Filter>Runtime\GameObject</Filter>
    </ClInclude>
    <ClInclude Include="..\..\..\..\Runtime\GameObject\MeshRenderer.h">
      <Filter>Runtime\GameObject</Filter>
    </ClInclude>
    <ClInclude Include="..\..\..\..\Runtime\GameObject\MonoBehaviour.h">
      <Filter>Runtime\GameObject</Filter>
    </ClInclude>
    <ClInclude Include="..\..\..\..\Runtime\GameObject\Transform.h">
      <Filter>Runtime\GameObject</Filter>
    </ClInclude>
    <ClInclude Include="..\..\..\..\Runtime\Graphics\ComputeShader.h">
      <Filter>Runtime\Graphics</Filter>
    </ClInclude>
    <ClInclude Include="..\..\..\..\Runtime\Graphics\GPUBufferAllocator.h">
      <Filter>Runtime\Graphics</Filter>
    </ClInclude>
    <ClInclude Include="..\..\..\..\Runtime\Graphics\GPUSceneManager.h">
      <Filter>Runtime\Graphics</Filter>
    </ClInclude>
    <ClInclude Include="..\..\..\..\Runtime\Graphics\GPUTexture.h">
      <Filter>Runtime\Graphics</Filter>
    </ClInclude>
    <ClInclude Include="..\..\..\..\Runtime\Graphics\GeometryManager.h">
      <Filter>Runtime\Graphics</Filter>
    </ClInclude>
    <ClInclude Include="..\..\..\..\Runtime\Graphics\IGPUBufferAllocator.h">
      <Filter>Runtime\Graphics</Filter>
    </ClInclude>
    <ClInclude Include="..\..\..\..\Runtime\Graphics\IGPUResource.h">
      <Filter>Runtime\Graphics</Filter>
    </ClInclude>
    <ClInclude Include="..\..\..\..\Runtime\Graphics\Material.h">
      <Filter>Runtime\Graphics</Filter>
    </ClInclude>
    <ClInclude Include="..\..\..\..\Runtime\Graphics\MaterialInstance.h">
      <Filter>Runtime\Graphics</Filter>
    </ClInclude>
    <ClInclude Include="..\..\..\..\Runtime\Graphics\MaterialLayout.h">
      <Filter>Runtime\Graphics</Filter>
    </ClInclude>
    <ClInclude Include="..\..\..\..\Runtime\Graphics\Mesh.h">
      <Filter>Runtime\Graphics</Filter>
    </ClInclude>
    <ClInclude Include="..\..\..\..\Runtime\Graphics\MeshUtils.h">
      <Filter>Runtime\Graphics</Filter>
    </ClInclude>
    <ClInclude Include="..\..\..\..\Runtime\Graphics\RenderTexture.h">
      <Filter>Runtime\Graphics</Filter>
    </ClInclude>
    <ClInclude Include="..\..\..\..\Runtime\Graphics\Shader.h">
      <Filter>Runtime\Graphics</Filter>
    </ClInclude>
    <ClInclude Include="..\..\..\..\Runtime\Graphics\Texture.h">
      <Filter>Runtime\Graphics</Filter>
    </ClInclude>
    <ClInclude Include="..\..\..\..\Runtime\Managers\Manager.h">
      <Filter>Runtime\Managers</Filter>
    </ClInclude>
    <ClInclude Include="..\..\..\..\Runtime\Managers\WindowManager.h">
      <Filter>Runtime\Managers</Filter>
    </ClInclude>
    <ClInclude Include="..\..\..\..\Runtime\Math\AABB.h">
      <Filter>Runtime\Math</Filter>
    </ClInclude>
    <ClInclude Include="..\..\..\..\Runtime\Math\Frustum.h">
      <Filter>Runtime\Math</Filter>
    </ClInclude>
    <ClInclude Include="..\..\..\..\Runtime\Math\Math.h">
      <Filter>Runtime\Math</Filter>
    </ClInclude>
    <ClInclude Include="..\..\..\..\Runtime\Math\Matrix4x4.h">
      <Filter>Runtime\Math</Filter>
    </ClInclude>
    <ClInclude Include="..\..\..\..\Runtime\Math\Plane.h">
      <Filter>Runtime\Math</Filter>
    </ClInclude>
    <ClInclude Include="..\..\..\..\Runtime\Math\Quaternion.h">
      <Filter>Runtime\Math</Filter>
    </ClInclude>
    <ClInclude Include="..\..\..\..\Runtime\Math\Vector2.h">
      <Filter>Runtime\Math</Filter>
    </ClInclude>
    <ClInclude Include="..\..\..\..\Runtime\Math\Vector3.h">
      <Filter>Runtime\Math</Filter>
    </ClInclude>
    <ClInclude Include="..\..\..\..\Runtime\Math\Vector4.h">
      <Filter>Runtime\Math</Filter>
    </ClInclude>
    <ClInclude Include="..\..\..\..\Runtime\Platforms\D3D12\D3D12Buffer.h">
      <Filter>Runtime\Platforms\D3D12</Filter>
    </ClInclude>
    <ClInclude Include="..\..\..\..\Runtime\Platforms\D3D12\D3D12DescAllocator.h">
      <Filter>Runtime\Platforms\D3D12</Filter>
    </ClInclude>
    <ClInclude Include="..\..\..\..\Runtime\Platforms\D3D12\D3D12DescManager.h">
      <Filter>Runtime\Platforms\D3D12</Filter>
    </ClInclude>
    <ClInclude Include="..\..\..\..\Runtime\Platforms\D3D12\D3D12PSO.h">
      <Filter>Runtime\Platforms\D3D12</Filter>
    </ClInclude>
    <ClInclude Include="..\..\..\..\Runtime\Platforms\D3D12\D3D12RenderAPI.h">
      <Filter>Runtime\Platforms\D3D12</Filter>
    </ClInclude>
    <ClInclude Include="..\..\..\..\Runtime\Platforms\D3D12\D3D12RootSignature.h">
      <Filter>Runtime\Platforms\D3D12</Filter>
    </ClInclude>
    <ClInclude Include="..\..\..\..\Runtime\Platforms\D3D12\D3D12ShaderUtils.h">
      <Filter>Runtime\Platforms\D3D12</Filter>
    </ClInclude>
    <ClInclude Include="..\..\..\..\Runtime\Platforms\D3D12\D3D12Struct.h">
      <Filter>Runtime\Platforms\D3D12</Filter>
    </ClInclude>
    <ClInclude Include="..\..\..\..\Runtime\Platforms\D3D12\D3D12Texture.h">
      <Filter>Runtime\Platforms\D3D12</Filter>
    </ClInclude>
    <ClInclude Include="..\..\..\..\Runtime\Platforms\D3D12\d3dUtil.h">
      <Filter>Runtime\Platforms\D3D12</Filter>
    </ClInclude>
    <ClInclude Include="..\..\..\..\Runtime\Platforms\D3D12\d3dx12.h">
      <Filter>Runtime\Platforms\D3D12</Filter>
    </ClInclude>
    <ClInclude Include="..\..\..\..\Runtime\Platforms\Windows\WindowManagerWindows.h">
      <Filter>Runtime\Platforms\Windows</Filter>
    </ClInclude>
    <ClInclude Include="..\..\..\..\Runtime\PreCompiledHeader.h">
      <Filter>Runtime</Filter>
    </ClInclude>
    <ClInclude Include="..\..\..\..\Runtime\Renderer\BatchManager.h">
      <Filter>Runtime\Renderer</Filter>
    </ClInclude>
    <ClInclude Include="..\..\..\..\Runtime\Renderer\Culling.h">
      <Filter>Runtime\Renderer</Filter>
    </ClInclude>
    <ClInclude Include="..\..\..\..\Runtime\Renderer\PerDrawAllocator.h">
      <Filter>Runtime\Renderer</Filter>
    </ClInclude>
    <ClInclude Include="..\..\..\..\Runtime\Renderer\RenderAPI.h">
      <Filter>Runtime\Renderer</Filter>
    </ClInclude>
    <ClInclude Include="..\..\..\..\Runtime\Renderer\RenderCommand.h">
      <Filter>Runtime\Renderer</Filter>
    </ClInclude>
    <ClInclude Include="..\..\..\..\Runtime\Renderer\RenderContext.h">
      <Filter>Runtime\Renderer</Filter>
    </ClInclude>
    <ClInclude Include="..\..\..\..\Runtime\Renderer\RenderEngine.h">
      <Filter>Runtime\Renderer</Filter>
    </ClInclude>
    <ClInclude Include="..\..\..\..\Runtime\Renderer\RenderPath\GPUSceneRenderPath.h">
      <Filter>Runtime\Renderer\RenderPath</Filter>
    </ClInclude>
    <ClInclude Include="..\..\..\..\Runtime\Renderer\RenderPath\IRenderPath.h">
      <Filter>Runtime\Renderer\RenderPath</Filter>
    </ClInclude>
    <ClInclude Include="..\..\..\..\Runtime\Renderer\RenderPath\LagacyRenderPath.h">
      <Filter>Runtime\Renderer\RenderPath</Filter>
    </ClInclude>
    <ClInclude Include="..\..\..\..\Runtime\Renderer\RenderPipeLine\FinalBlitPass.h">
      <Filter>Runtime\Renderer\RenderPipeLine</Filter>
    </ClInclude>
    <ClInclude Include="..\..\..\..\Runtime\Renderer\RenderPipeLine\GPUSceneRenderPass.h">
      <Filter>Runtime\Renderer\RenderPipeLine</Filter>
    </ClInclude>
    <ClInclude Include="..\..\..\..\Runtime\Renderer\RenderPipeLine\OpaqueRenderPass.h">
      <Filter>Runtime\Renderer\RenderPipeLine</Filter>
    </ClInclude>
    <ClInclude Include="..\..\..\..\Runtime\Renderer\RenderPipeLine\RenderPass.h">
      <Filter>Runtime\Renderer\RenderPipeLine</Filter>
    </ClInclude>
    <ClInclude Include="..\..\..\..\Runtime\Renderer\RenderSorter.h">
      <Filter>Runtime\Renderer</Filter>
    </ClInclude>
    <ClInclude Include="..\..\..\..\Runtime\Renderer\RenderStruct.h">
      <Filter>Runtime\Renderer</Filter>
    </ClInclude>
    <ClInclude Include="..\..\..\..\Runtime\Renderer\RenderUniforms.h">
      <Filter>Runtime\Renderer</Filter>
    </ClInclude>
    <ClInclude Include="..\..\..\..\Runtime\Renderer\Renderer.h">
      <Filter>Runtime\Renderer</Filter>
    </ClInclude>
    <ClInclude Include="..\..\..\..\Runtime\Renderer\SPSCRingBuffer.h">
      <Filter>Runtime\Renderer</Filter>
    </ClInclude>
    <ClInclude Include="..\..\..\..\Runtime\Resources\Asset.h">
      <Filter>Runtime\Resources</Filter>
    </ClInclude>
    <ClInclude Include="..\..\..\..\Runtime\Resources\AssetRegistry.h">
      <Filter>Runtime\Resources</Filter>
    </ClInclude>
    <ClInclude Include="..\..\..\..\Runtime\Resources\AssetTypeTraits.h">
      <Filter>Runtime\Resources</Filter>
    </ClInclude>
    <ClInclude Include="..\..\..\..\Runtime\Resources\IResourceLoader.h">
      <Filter>Runtime\Resources</Filter>
    </ClInclude>
    <ClInclude Include="..\..\..\..\Runtime\Resources\Resource.h">
      <Filter>Runtime\Resources</Filter>
    </ClInclude>
    <ClInclude Include="..\..\..\..\Runtime\Resources\ResourceHandle.h">
      <Filter>Runtime\Resources</Filter>
    </ClInclude>
    <ClInclude Include="..\..\..\..\Runtime\Resources\ResourceManager.h">
      <Filter>Runtime\Resources</Filter>
    </ClInclude>
    <ClInclude Include="..\..\..\..\Runtime\Scene\BistroSceneLoader.h">
      <Filter>Runtime\Scene</Filter>
    </ClInclude>
    <ClInclude Include="..\..\..\..\Runtime\Scene\Scene.h">
      <Filter>Runtime\Scene</Filter>
    </ClInclude>
    <ClInclude Include="..\..\..\..\Runtime\Scene\SceneManager.h">
      <Filter>Runtime\Scene</Filter>
    </ClInclude>
    <ClInclude Include="..\..\..\..\Runtime\Scripts\CameraController.h">
      <Filter>Runtime\Scripts</Filter>
    </ClInclude>
    <ClInclude Include="..\..\..\..\Runtime\Serialization\AssetHeader.h">
      <Filter>Runtime\Serialization</Filter>
    </ClInclude>
    <ClInclude Include="..\..\..\..\Runtime\Serialization\AssetSerialization.h">
      <Filter>Runtime\Serialization</Filter>
    </ClInclude>
    <ClInclude Include="..\..\..\..\Runtime\Serialization\BaseTypeSerialization.h">
      <Filter>Runtime\Serialization</Filter>
    </ClInclude>
    <ClInclude Include="..\..\..\..\Runtime\Serialization\ComponentFactory.h">
      <Filter>Runtime\Serialization</Filter>
    </ClInclude>
    <ClInclude Include="..\..\..\..\Runtime\Serialization\JsonSerializer.h">
      <Filter>Runtime\Serialization</Filter>
    </ClInclude>
    <ClInclude Include="..\..\..\..\Runtime\Serialization\MeshLoader.h">
      <Filter>Runtime\Serialization</Filter>
    </ClInclude>
    <ClInclude Include="..\..\..\..\Runtime\Serialization\MetaData.h">
      <Filter>Runtime\Serialization</Filter>
    </ClInclude>
    <ClInclude Include="..\..\..\..\Runtime\Serialization\MetaFactory.h">
      <Filter>Runtime\Serialization</Filter>
    </ClInclude>
    <ClInclude Include="..\..\..\..\Runtime\Serialization\MetaLoader.h">
      <Filter>Runtime\Serialization</Filter>
    </ClInclude>
    <ClInclude Include="..\..\..\..\Runtime\Serialization\SceneLoader.h">
      <Filter>Runtime\Serialization</Filter>
    </ClInclude>
    <ClInclude Include="..\..\..\..\Runtime\Serialization\StreamHelper.h">
      <Filter>Runtime\Serialization</Filter>
    </ClInclude>
    <ClInclude Include="..\..\..\..\Runtime\Serialization\TextureLoader.h">
      <Filter>Runtime\Serialization</Filter>
    </ClInclude>
    <ClInclude Include="..\..\..\..\Runtime\Settings\ProjectSettings.h">
      <Filter>Runtime\Settings</Filter>
    </ClInclude>
    <ClInclude Include="..\..\..\..\Runtime\Utils\HashCombine.h">
      <Filter>Runtime\Utils</Filter>
    </ClInclude>
  </ItemGroup>
  <ItemGroup>
    <ClCompile Include="..\..\..\..\Editor\D3D12\D3D12EditorGUIManager.cpp">
      <Filter>Editor\D3D12</Filter>
    </ClCompile>
    <ClCompile Include="..\..\..\..\Editor\EditorGUIManager.cpp">
      <Filter>Editor</Filter>
    </ClCompile>
    <ClCompile Include="..\..\..\..\Editor\EditorSettings.cpp">
      <Filter>Editor</Filter>
    </ClCompile>
    <ClCompile Include="..\..\..\..\Editor\Panel\EditorConsolePanel.cpp">
      <Filter>Editor\Panel</Filter>
    </ClCompile>
    <ClCompile Include="..\..\..\..\Editor\Panel\EditorGameViewPanel.cpp">
      <Filter>Editor\Panel</Filter>
    </ClCompile>
    <ClCompile Include="..\..\..\..\Editor\Panel\EditorHierarchyPanel.cpp">
      <Filter>Editor\Panel</Filter>
    </ClCompile>
    <ClCompile Include="..\..\..\..\Editor\Panel\EditorInspectorPanel.cpp">
      <Filter>Editor\Panel</Filter>
    </ClCompile>
    <ClCompile Include="..\..\..\..\Editor\Panel\EditorMainBar.cpp">
      <Filter>Editor\Panel</Filter>
    </ClCompile>
    <ClCompile Include="..\..\..\..\Editor\Panel\EditorPanel.cpp">
      <Filter>Editor\Panel</Filter>
    </ClCompile>
    <ClCompile Include="..\..\..\..\Editor\Panel\EditorProjectPanel.cpp">
      <Filter>Editor\Panel</Filter>
    </ClCompile>
    <ClCompile Include="..\..\..\..\Runtime\Core\Concurrency\CpuEvent.cpp">
      <Filter>Runtime\Core\Concurrency</Filter>
    </ClCompile>
    <ClCompile Include="..\..\..\..\Runtime\Core\Concurrency\JobSystem.cpp">
      <Filter>Runtime\Core\Concurrency</Filter>
    </ClCompile>
    <ClCompile Include="..\..\..\..\Runtime\Core\Game.cpp">
      <Filter>Runtime\Core</Filter>
    </ClCompile>
    <ClCompile Include="..\..\..\..\Runtime\Core\PublicEnum.cpp">
      <Filter>Runtime\Core</Filter>
    </ClCompile>
    <ClCompile Include="..\..\..\..\Runtime\Core\PublicStruct.cpp">
      <Filter>Runtime\Core</Filter>
    </ClCompile>
    <ClCompile Include="..\..\..\..\Runtime\Entry.cpp">
      <Filter>Runtime</Filter>
    </ClCompile>
    <ClCompile Include="..\..\..\..\Runtime\External\Imgui\imgui.cpp">
      <Filter>Runtime\External\Imgui</Filter>
    </ClCompile>
    <ClCompile Include="..\..\..\..\Runtime\External\Imgui\imgui_draw.cpp">
      <Filter>Runtime\External\Imgui</Filter>
    </ClCompile>
    <ClCompile Include="..\..\..\..\Runtime\External\Imgui\imgui_impl_dx12.cpp">
      <Filter>Runtime\External\Imgui</Filter>
    </ClCompile>
    <ClCompile Include="..\..\..\..\Runtime\External\Imgui\imgui_impl_win32.cpp">
      <Filter>Runtime\External\Imgui</Filter>
    </ClCompile>
    <ClCompile Include="..\..\..\..\Runtime\External\Imgui\imgui_tables.cpp">
      <Filter>Runtime\External\Imgui</Filter>
    </ClCompile>
    <ClCompile Include="..\..\..\..\Runtime\External\Imgui\imgui_widgets.cpp">
      <Filter>Runtime\External\Imgui</Filter>
    </ClCompile>
    <ClCompile Include="..\..\..\..\Runtime\GameObject\Camera.cpp">
      <Filter>Runtime\GameObject</Filter>
    </ClCompile>
    <ClCompile Include="..\..\..\..\Runtime\GameObject\Component.cpp">
      <Filter>Runtime\GameObject</Filter>
    </ClCompile>
    <ClCompile Include="..\..\..\..\Runtime\GameObject\GameObject.cpp">
      <Filter>Runtime\GameObject</Filter>
    </ClCompile>
    <ClCompile Include="..\..\..\..\Runtime\GameObject\MeshFilter.cpp">
      <Filter>Runtime\GameObject</Filter>
    </ClCompile>
    <ClCompile Include="..\..\..\..\Runtime\GameObject\MeshRenderer.cpp">
      <Filter>Runtime\GameObject</Filter>
    </ClCompile>
    <ClCompile Include="..\..\..\..\Runtime\GameObject\MonoBehaviour.cpp">
      <Filter>Runtime\GameObject</Filter>
    </ClCompile>
    <ClCompile Include="..\..\..\..\Runtime\GameObject\Transform.cpp">
      <Filter>Runtime\GameObject</Filter>
    </ClCompile>
    <ClCompile Include="..\..\..\..\Runtime\Graphics\ComputeShader.cpp">
      <Filter>Runtime\Graphics</Filter>
    </ClCompile>
    <ClCompile Include="..\..\..\..\Runtime\Graphics\GPUBufferAllocator.cpp">
      <Filter>Runtime\Graphics</Filter>
    </ClCompile>
    <ClCompile Include="..\..\..\..\Runtime\Graphics\GPUSceneManager.cpp">
      <Filter>Runtime\Graphics</Filter>
    </ClCompile>
    <ClCompile Include="..\..\..\..\Runtime\Graphics\GeometryManager.cpp">
      <Filter>Runtime\Graphics</Filter>
    </ClCompile>
    <ClCompile Include="..\..\..\..\Runtime\Graphics\Material.cpp">
      <Filter>Runtime\Graphics</Filter>
    </ClCompile>
    <ClCompile Include="..\..\..\..\Runtime\Graphics\Mesh.cpp">
      <Filter>Runtime\Graphics</Filter>
    </ClCompile>
    <ClCompile Include="..\..\..\..\Runtime\Graphics\MeshUtils.cpp">
      <Filter>Runtime\Graphics</Filter>
    </ClCompile>
    <ClCompile Include="..\..\..\..\Runtime\Graphics\RenderTexture.cpp">
      <Filter>Runtime\Graphics</Filter>
    </ClCompile>
    <ClCompile Include="..\..\..\..\Runtime\Graphics\Shader.cpp">
      <Filter>Runtime\Graphics</Filter>
    </ClCompile>
    <ClCompile Include="..\..\..\..\Runtime\Graphics\Texture.cpp">
      <Filter>Runtime\Graphics</Filter>
    </ClCompile>
    <ClCompile Include="..\..\..\..\Runtime\Managers\WindowManager.cpp">
      <Filter>Runtime\Managers</Filter>
    </ClCompile>
    <ClCompile Include="..\..\..\..\Runtime\Math\AABB.cpp">
      <Filter>Runtime\Math</Filter>
    </ClCompile>
    <ClCompile Include="..\..\..\..\Runtime\Math\Frustum.cpp">
      <Filter>Runtime\Math</Filter>
    </ClCompile>
    <ClCompile Include="..\..\..\..\Runtime\Math\Matrix4x4.cpp">
      <Filter>Runtime\Math</Filter>
    </ClCompile>
    <ClCompile Include="..\..\..\..\Runtime\Math\Plane.cpp">
      <Filter>Runtime\Math</Filter>
    </ClCompile>
    <ClCompile Include="..\..\..\..\Runtime\Math\Quaternion.cpp">
      <Filter>Runtime\Math</Filter>
    </ClCompile>
    <ClCompile Include="..\..\..\..\Runtime\Math\Vector2.cpp">
      <Filter>Runtime\Math</Filter>
    </ClCompile>
    <ClCompile Include="..\..\..\..\Runtime\Math\Vector3.cpp">
      <Filter>Runtime\Math</Filter>
    </ClCompile>
    <ClCompile Include="..\..\..\..\Runtime\Math\Vector4.cpp">
      <Filter>Runtime\Math</Filter>
    </ClCompile>
    <ClCompile Include="..\..\..\..\Runtime\Platforms\D3D12\D3D12DescAllocator.cpp">
      <Filter>Runtime\Platforms\D3D12</Filter>
    </ClCompile>
    <ClCompile Include="..\..\..\..\Runtime\Platforms\D3D12\D3D12DescManager.cpp">
      <Filter>Runtime\Platforms\D3D12</Filter>
    </ClCompile>
    <ClCompile Include="..\..\..\..\Runtime\Platforms\D3D12\D3D12PSO.cpp">
      <Filter>Runtime\Platforms\D3D12</Filter>
    </ClCompile>
    <ClCompile Include="..\..\..\..\Runtime\Platforms\D3D12\D3D12RenderAPI.cpp">
      <Filter>Runtime\Platforms\D3D12</Filter>
    </ClCompile>
    <ClCompile Include="..\..\..\..\Runtime\Platforms\D3D12\D3D12RootSignature.cpp">
      <Filter>Runtime\Platforms\D3D12</Filter>
    </ClCompile>
    <ClCompile Include="..\..\..\..\Runtime\Platforms\D3D12\D3D12ShaderUtils.cpp">
      <Filter>Runtime\Platforms\D3D12</Filter>
    </ClCompile>
    <ClCompile Include="..\..\..\..\Runtime\Platforms\D3D12\d3dUtil.cpp">
      <Filter>Runtime\Platforms\D3D12</Filter>
    </ClCompile>
    <ClCompile Include="..\..\..\..\Runtime\Platforms\Windows\WindowManagerWindows.cpp">
      <Filter>Runtime\Platforms\Windows</Filter>
    </ClCompile>
    <ClCompile Include="..\..\..\..\Runtime\PreCompiledHeader.cpp">
      <Filter>Runtime</Filter>
    </ClCompile>
    <ClCompile Include="..\..\..\..\Runtime\Renderer\BatchManager.cpp">
      <Filter>Runtime\Renderer</Filter>
    </ClCompile>
    <ClCompile Include="..\..\..\..\Runtime\Renderer\Culling.cpp">
      <Filter>Runtime\Renderer</Filter>
    </ClCompile>
    <ClCompile Include="..\..\..\..\Runtime\Renderer\RenderAPI.cpp">
      <Filter>Runtime\Renderer</Filter>
    </ClCompile>
    <ClCompile Include="..\..\..\..\Runtime\Renderer\RenderContext.cpp">
      <Filter>Runtime\Renderer</Filter>
    </ClCompile>
    <ClCompile Include="..\..\..\..\Runtime\Renderer\RenderEngine.cpp">
      <Filter>Runtime\Renderer</Filter>
    </ClCompile>
    <ClCompile Include="..\..\..\..\Runtime\Renderer\RenderPipeLine\FinalBlitPass.cpp">
      <Filter>Runtime\Renderer\RenderPipeLine</Filter>
    </ClCompile>
    <ClCompile Include="..\..\..\..\Runtime\Renderer\RenderPipeLine\GPUSceneRenderPass.cpp">
      <Filter>Runtime\Renderer\RenderPipeLine</Filter>
    </ClCompile>
    <ClCompile Include="..\..\..\..\Runtime\Renderer\RenderPipeLine\OpaqueRenderPass.cpp">
      <Filter>Runtime\Renderer\RenderPipeLine</Filter>
    </ClCompile>
    <ClCompile Include="..\..\..\..\Runtime\Renderer\RenderPipeLine\RenderPass.cpp">
      <Filter>Runtime\Renderer\RenderPipeLine</Filter>
    </ClCompile>
    <ClCompile Include="..\..\..\..\Runtime\Renderer\Renderer.cpp">
      <Filter>Runtime\Renderer</Filter>
    </ClCompile>
    <ClCompile Include="..\..\..\..\Runtime\Resources\AssetRegistry.cpp">
      <Filter>Runtime\Resources</Filter>
    </ClCompile>
    <ClCompile Include="..\..\..\..\Runtime\Resources\ResourceManager.cpp">
      <Filter>Runtime\Resources</Filter>
    </ClCompile>
    <ClCompile Include="..\..\..\..\Runtime\Scene\BistroSceneLoader.cpp">
      <Filter>Runtime\Scene</Filter>
    </ClCompile>
    <ClCompile Include="..\..\..\..\Runtime\Scene\Scene.cpp">
      <Filter>Runtime\Scene</Filter>
    </ClCompile>
    <ClCompile Include="..\..\..\..\Runtime\Scene\SceneManager.cpp">
      <Filter>Runtime\Scene</Filter>
    </ClCompile>
    <ClCompile Include="..\..\..\..\Runtime\Scripts\CameraController.cpp">
      <Filter>Runtime\Scripts</Filter>
    </ClCompile>
    <ClCompile Include="..\..\..\..\Runtime\Serialization\MetaFactory.cpp">
      <Filter>Runtime\Serialization</Filter>
    </ClCompile>
    <ClCompile Include="..\..\..\..\Runtime\Serialization\MetaLoader.cpp">
      <Filter>Runtime\Serialization</Filter>
    </ClCompile>
    <ClCompile Include="..\..\..\..\Runtime\Settings\ProjectSettings.cpp">
      <Filter>Runtime\Settings</Filter>
    </ClCompile>
  </ItemGroup>
</Project>