<?xml version="1.0" encoding="utf-8"?>
<Project ToolsVersion="4.0" xmlns="http://schemas.microsoft.com/developer/msbuild/2003">
  <ItemGroup>
    <Filter Include="Editor">
      <UniqueIdentifier>{8C1A20B0-78BC-4A86-6177-5EDA4DB8D1D6}</UniqueIdentifier>
    </Filter>
    <Filter Include="Editor\D3D12">
      <UniqueIdentifier>{79EAB23D-654D-42E2-0ED3-7A98FA140E65}</UniqueIdentifier>
    </Filter>
    <Filter Include="Editor\Windows">
      <UniqueIdentifier>{C690B5AD-B25E-A9B3-9BF2-19DA875F8518}</UniqueIdentifier>
    </Filter>
    <Filter Include="Runtime">
      <UniqueIdentifier>{4995DAC4-B574-5960-BE8C-E4362AEBBFC1}</UniqueIdentifier>
    </Filter>
    <Filter Include="Runtime\Core">
      <UniqueIdentifier>{416F811B-2DD2-10C0-D657-4976C299DC42}</UniqueIdentifier>
    </Filter>
    <Filter Include="Runtime\External">
      <UniqueIdentifier>{9BA97363-87A2-92B5-B0D4-773A9C2C72C1}</UniqueIdentifier>
    </Filter>
    <Filter Include="Runtime\External\Imgui">
      <UniqueIdentifier>{252F5A2E-1129-8380-FA95-1991E62EE9EC}</UniqueIdentifier>
    </Filter>
    <Filter Include="Runtime\Graphics">
      <UniqueIdentifier>{A95F8942-9558-A894-BE8A-8D19AAE287A0}</UniqueIdentifier>
    </Filter>
    <Filter Include="Runtime\Managers">
      <UniqueIdentifier>{4659B9CC-3252-D81E-5B84-BDA347DCB72A}</UniqueIdentifier>
    </Filter>
    <Filter Include="Runtime\Math">
      <UniqueIdentifier>{C2AF861B-AE12-16C0-5798-4E7643DAE142}</UniqueIdentifier>
    </Filter>
    <Filter Include="Runtime\Platforms">
      <UniqueIdentifier>{D04BBE2B-3C62-BCC1-85D9-47E3F12E8D49}</UniqueIdentifier>
    </Filter>
    <Filter Include="Runtime\Platforms\D3D12">
      <UniqueIdentifier>{BDFEE9CF-2936-3267-3240-968A9EF65860}</UniqueIdentifier>
    </Filter>
    <Filter Include="Runtime\Platforms\Windows">
      <UniqueIdentifier>{0AC602AA-7688-3634-BF38-C5C02B3A0F12}</UniqueIdentifier>
    </Filter>
    <Filter Include="Runtime\Renderer">
      <UniqueIdentifier>{0FDB209E-FBD3-3FF0-2406-2575105E1FFC}</UniqueIdentifier>
    </Filter>
    <Filter Include="Runtime\Renderer\RenderPipeLine">
      <UniqueIdentifier>{74EDF719-E0D0-065A-E9D3-34965536CDAA}</UniqueIdentifier>
    </Filter>
  </ItemGroup>
  <ItemGroup>
    <ClInclude Include="..\..\..\..\Editor\D3D12\D3D12EditorGUIManager.h">
      <Filter>Editor\D3D12</Filter>
    </ClInclude>
    <ClInclude Include="..\..\..\..\Editor\Windows\EditorGUIManager.h">
      <Filter>Editor\Windows</Filter>
    </ClInclude>
  </ItemGroup>
  <ItemGroup>
    <ClCompile Include="..\..\..\..\Editor\D3D12\D3D12EditorGUIManager.cpp">
      <Filter>Editor\D3D12</Filter>
    </ClCompile>
    <ClCompile Include="..\..\..\..\Editor\Windows\EditorGUIManager.cpp">
      <Filter>Editor\Windows</Filter>
    </ClCompile>
    <ClCompile Include="..\..\..\..\Runtime\Core\Component.cpp">
      <Filter>Runtime\Core</Filter>
    </ClCompile>
    <ClCompile Include="..\..\..\..\Runtime\Core\Game.cpp">
      <Filter>Runtime\Core</Filter>
    </ClCompile>
    <ClCompile Include="..\..\..\..\Runtime\Core\GameObject.cpp">
      <Filter>Runtime\Core</Filter>
    </ClCompile>
    <ClCompile Include="..\..\..\..\Runtime\Core\MeshFilterComponent.cpp">
      <Filter>Runtime\Core</Filter>
    </ClCompile>
    <ClCompile Include="..\..\..\..\Runtime\Core\ProjectSettings.cpp">
      <Filter>Runtime\Core</Filter>
    </ClCompile>
    <ClCompile Include="..\..\..\..\Runtime\Core\PublicEnum.cpp">
      <Filter>Runtime\Core</Filter>
    </ClCompile>
    <ClCompile Include="..\..\..\..\Runtime\Core\PublicStruct.cpp">
      <Filter>Runtime\Core</Filter>
    </ClCompile>
    <ClCompile Include="..\..\..\..\Runtime\Core\Resources.cpp">
      <Filter>Runtime\Core</Filter>
    </ClCompile>
    <ClCompile Include="..\..\..\..\Runtime\Entry.cpp">
      <Filter>Runtime</Filter>
    </ClCompile>
    <ClCompile Include="..\..\..\..\Runtime\External\Imgui\imgui.cpp">
      <Filter>Runtime\External\Imgui</Filter>
    </ClCompile>
    <ClCompile Include="..\..\..\..\Runtime\External\Imgui\imgui_draw.cpp">
      <Filter>Runtime\External\Imgui</Filter>
    </ClCompile>
    <ClCompile Include="..\..\..\..\Runtime\External\Imgui\imgui_impl_dx12.cpp">
      <Filter>Runtime\External\Imgui</Filter>
    </ClCompile>
    <ClCompile Include="..\..\..\..\Runtime\External\Imgui\imgui_impl_win32.cpp">
      <Filter>Runtime\External\Imgui</Filter>
    </ClCompile>
    <ClCompile Include="..\..\..\..\Runtime\External\Imgui\imgui_tables.cpp">
      <Filter>Runtime\External\Imgui</Filter>
    </ClCompile>
    <ClCompile Include="..\..\..\..\Runtime\External\Imgui\imgui_widgets.cpp">
      <Filter>Runtime\External\Imgui</Filter>
    </ClCompile>
    <ClCompile Include="..\..\..\..\Runtime\Graphics\Camera.cpp">
      <Filter>Runtime\Graphics</Filter>
    </ClCompile>
    <ClCompile Include="..\..\..\..\Runtime\Graphics\Material.cpp">
      <Filter>Runtime\Graphics</Filter>
    </ClCompile>
    <ClCompile Include="..\..\..\..\Runtime\Graphics\MaterialData.cpp">
      <Filter>Runtime\Graphics</Filter>
    </ClCompile>
    <ClCompile Include="..\..\..\..\Runtime\Graphics\ModelData.cpp">
      <Filter>Runtime\Graphics</Filter>
    </ClCompile>
    <ClCompile Include="..\..\..\..\Runtime\Graphics\ModelUtils.cpp">
      <Filter>Runtime\Graphics</Filter>
    </ClCompile>
    <ClCompile Include="..\..\..\..\Runtime\Graphics\Shader.cpp">
      <Filter>Runtime\Graphics</Filter>
    </ClCompile>
    <ClCompile Include="..\..\..\..\Runtime\Managers\SceneManager.cpp">
      <Filter>Runtime\Managers</Filter>
    </ClCompile>
    <ClCompile Include="..\..\..\..\Runtime\Managers\WindowManager.cpp">
      <Filter>Runtime\Managers</Filter>
    </ClCompile>
    <ClCompile Include="..\..\..\..\Runtime\Math\Matrix4x4.cpp">
      <Filter>Runtime\Math</Filter>
    </ClCompile>
    <ClCompile Include="..\..\..\..\Runtime\Math\Vector2.cpp">
      <Filter>Runtime\Math</Filter>
    </ClCompile>
    <ClCompile Include="..\..\..\..\Runtime\Math\Vector3.cpp">
      <Filter>Runtime\Math</Filter>
    </ClCompile>
    <ClCompile Include="..\..\..\..\Runtime\Platforms\D3D12\D3D12DescAllocator.cpp">
      <Filter>Runtime\Platforms\D3D12</Filter>
    </ClCompile>
    <ClCompile Include="..\..\..\..\Runtime\Platforms\D3D12\D3D12DescManager.cpp">
      <Filter>Runtime\Platforms\D3D12</Filter>
    </ClCompile>
    <ClCompile Include="..\..\..\..\Runtime\Platforms\D3D12\D3D12RenderAPI.cpp">
      <Filter>Runtime\Platforms\D3D12</Filter>
    </ClCompile>
    <ClCompile Include="..\..\..\..\Runtime\Platforms\D3D12\d3dUtil.cpp">
      <Filter>Runtime\Platforms\D3D12</Filter>
    </ClCompile>
    <ClCompile Include="..\..\..\..\Runtime\Platforms\Windows\WindowManagerWindows.cpp">
      <Filter>Runtime\Platforms\Windows</Filter>
    </ClCompile>
    <ClCompile Include="..\..\..\..\Runtime\PreCompiledHeader.cpp">
      <Filter>Runtime</Filter>
    </ClCompile>
    <ClCompile Include="..\..\..\..\Runtime\Renderer\Culling.cpp">
      <Filter>Runtime\Renderer</Filter>
    </ClCompile>
    <ClCompile Include="..\..\..\..\Runtime\Renderer\FrameBufferManager.cpp">
      <Filter>Runtime\Renderer</Filter>
    </ClCompile>
    <ClCompile Include="..\..\..\..\Runtime\Renderer\RenderAPI.cpp">
      <Filter>Runtime\Renderer</Filter>
    </ClCompile>
    <ClCompile Include="..\..\..\..\Runtime\Renderer\RenderContext.cpp">
      <Filter>Runtime\Renderer</Filter>
    </ClCompile>
    <ClCompile Include="..\..\..\..\Runtime\Renderer\RenderEngine.cpp">
      <Filter>Runtime\Renderer</Filter>
    </ClCompile>
    <ClCompile Include="..\..\..\..\Runtime\Renderer\RenderPipeLine\FinalBlitPass.cpp">
      <Filter>Runtime\Renderer\RenderPipeLine</Filter>
    </ClCompile>
    <ClCompile Include="..\..\..\..\Runtime\Renderer\RenderPipeLine\ForwardRenderPass.cpp">
      <Filter>Runtime\Renderer\RenderPipeLine</Filter>
    </ClCompile>
    <ClCompile Include="..\..\..\..\Runtime\Renderer\RenderPipeLine\RenderPass.cpp">
      <Filter>Runtime\Renderer\RenderPipeLine</Filter>
    </ClCompile>
    <ClCompile Include="..\..\..\..\Runtime\Renderer\Renderer.cpp">
      <Filter>Runtime\Renderer</Filter>
    </ClCompile>
  </ItemGroup>
</Project>